// !$*UTF8*$!
{
	archiveVersion = 1;
	classes = {
	};
	objectVersion = 56;
	objects = {

/* Begin PBXBuildFile section */
		7E464FE12A79CBD70055B6F1 /* HabitsType.swift in Sources */ = {isa = PBXBuildFile; fileRef = 7E464FE02A79CBD70055B6F1 /* HabitsType.swift */; };
		7E464FE52A79CE820055B6F1 /* Priority.swift in Sources */ = {isa = PBXBuildFile; fileRef = 7E464FE42A79CE820055B6F1 /* Priority.swift */; };
		7E464FE72A79D23E0055B6F1 /* AddHabitType.swift in Sources */ = {isa = PBXBuildFile; fileRef = 7E464FE62A79D23E0055B6F1 /* AddHabitType.swift */; };
		7E464FEF2A79FB1C0055B6F1 /* AddNewHabitView.swift in Sources */ = {isa = PBXBuildFile; fileRef = 7E464FEE2A79FB1C0055B6F1 /* AddNewHabitView.swift */; };
		7E464FF12A79FD760055B6F1 /* ImagesName.swift in Sources */ = {isa = PBXBuildFile; fileRef = 7E464FF02A79FD760055B6F1 /* ImagesName.swift */; };
		7EC4B0132A79A31100E007FC /* HabitTrackerApp.swift in Sources */ = {isa = PBXBuildFile; fileRef = 7EC4B0122A79A31100E007FC /* HabitTrackerApp.swift */; };
		7EC4B0152A79A31100E007FC /* ContentView.swift in Sources */ = {isa = PBXBuildFile; fileRef = 7EC4B0142A79A31100E007FC /* ContentView.swift */; };
		7EC4B0172A79A31300E007FC /* Assets.xcassets in Resources */ = {isa = PBXBuildFile; fileRef = 7EC4B0162A79A31300E007FC /* Assets.xcassets */; };
		7EC4B01A2A79A31300E007FC /* Preview Assets.xcassets in Resources */ = {isa = PBXBuildFile; fileRef = 7EC4B0192A79A31300E007FC /* Preview Assets.xcassets */; };
		7EC4B0242A79A31300E007FC /* HabitTrackerTests.swift in Sources */ = {isa = PBXBuildFile; fileRef = 7EC4B0232A79A31300E007FC /* HabitTrackerTests.swift */; };
		7EC4B02E2A79A31300E007FC /* HabitTrackerUITests.swift in Sources */ = {isa = PBXBuildFile; fileRef = 7EC4B02D2A79A31300E007FC /* HabitTrackerUITests.swift */; };
		7EC4B0302A79A31300E007FC /* HabitTrackerUITestsLaunchTests.swift in Sources */ = {isa = PBXBuildFile; fileRef = 7EC4B02F2A79A31300E007FC /* HabitTrackerUITestsLaunchTests.swift */; };
/* End PBXBuildFile section */

/* Begin PBXContainerItemProxy section */
		7EC4B0202A79A31300E007FC /* PBXContainerItemProxy */ = {
			isa = PBXContainerItemProxy;
			containerPortal = 7EC4B0072A79A31100E007FC /* Project object */;
			proxyType = 1;
			remoteGlobalIDString = 7EC4B00E2A79A31100E007FC;
			remoteInfo = HabitTracker;
		};
		7EC4B02A2A79A31300E007FC /* PBXContainerItemProxy */ = {
			isa = PBXContainerItemProxy;
			containerPortal = 7EC4B0072A79A31100E007FC /* Project object */;
			proxyType = 1;
			remoteGlobalIDString = 7EC4B00E2A79A31100E007FC;
			remoteInfo = HabitTracker;
		};
/* End PBXContainerItemProxy section */

/* Begin PBXFileReference section */
		7E464FE02A79CBD70055B6F1 /* HabitsType.swift */ = {isa = PBXFileReference; lastKnownFileType = sourcecode.swift; path = HabitsType.swift; sourceTree = "<group>"; };
		7E464FE42A79CE820055B6F1 /* Priority.swift */ = {isa = PBXFileReference; lastKnownFileType = sourcecode.swift; path = Priority.swift; sourceTree = "<group>"; };
		7E464FE62A79D23E0055B6F1 /* AddHabitType.swift */ = {isa = PBXFileReference; lastKnownFileType = sourcecode.swift; path = AddHabitType.swift; sourceTree = "<group>"; };
		7E464FEE2A79FB1C0055B6F1 /* AddNewHabitView.swift */ = {isa = PBXFileReference; lastKnownFileType = sourcecode.swift; path = AddNewHabitView.swift; sourceTree = "<group>"; };
		7E464FF02A79FD760055B6F1 /* ImagesName.swift */ = {isa = PBXFileReference; lastKnownFileType = sourcecode.swift; path = ImagesName.swift; sourceTree = "<group>"; };
		7EC4B00F2A79A31100E007FC /* HabitTracker.app */ = {isa = PBXFileReference; explicitFileType = wrapper.application; includeInIndex = 0; path = HabitTracker.app; sourceTree = BUILT_PRODUCTS_DIR; };
		7EC4B0122A79A31100E007FC /* HabitTrackerApp.swift */ = {isa = PBXFileReference; lastKnownFileType = sourcecode.swift; path = HabitTrackerApp.swift; sourceTree = "<group>"; };
		7EC4B0142A79A31100E007FC /* ContentView.swift */ = {isa = PBXFileReference; lastKnownFileType = sourcecode.swift; path = ContentView.swift; sourceTree = "<group>"; };
		7EC4B0162A79A31300E007FC /* Assets.xcassets */ = {isa = PBXFileReference; lastKnownFileType = folder.assetcatalog; path = Assets.xcassets; sourceTree = "<group>"; };
		7EC4B0192A79A31300E007FC /* Preview Assets.xcassets */ = {isa = PBXFileReference; lastKnownFileType = folder.assetcatalog; path = "Preview Assets.xcassets"; sourceTree = "<group>"; };
		7EC4B01F2A79A31300E007FC /* HabitTrackerTests.xctest */ = {isa = PBXFileReference; explicitFileType = wrapper.cfbundle; includeInIndex = 0; path = HabitTrackerTests.xctest; sourceTree = BUILT_PRODUCTS_DIR; };
		7EC4B0232A79A31300E007FC /* HabitTrackerTests.swift */ = {isa = PBXFileReference; lastKnownFileType = sourcecode.swift; path = HabitTrackerTests.swift; sourceTree = "<group>"; };
		7EC4B0292A79A31300E007FC /* HabitTrackerUITests.xctest */ = {isa = PBXFileReference; explicitFileType = wrapper.cfbundle; includeInIndex = 0; path = HabitTrackerUITests.xctest; sourceTree = BUILT_PRODUCTS_DIR; };
		7EC4B02D2A79A31300E007FC /* HabitTrackerUITests.swift */ = {isa = PBXFileReference; lastKnownFileType = sourcecode.swift; path = HabitTrackerUITests.swift; sourceTree = "<group>"; };
		7EC4B02F2A79A31300E007FC /* HabitTrackerUITestsLaunchTests.swift */ = {isa = PBXFileReference; lastKnownFileType = sourcecode.swift; path = HabitTrackerUITestsLaunchTests.swift; sourceTree = "<group>"; };
/* End PBXFileReference section */

/* Begin PBXFrameworksBuildPhase section */
		7EC4B00C2A79A31100E007FC /* Frameworks */ = {
			isa = PBXFrameworksBuildPhase;
			buildActionMask = 2147483647;
			files = (
			);
			runOnlyForDeploymentPostprocessing = 0;
		};
		7EC4B01C2A79A31300E007FC /* Frameworks */ = {
			isa = PBXFrameworksBuildPhase;
			buildActionMask = 2147483647;
			files = (
			);
			runOnlyForDeploymentPostprocessing = 0;
		};
		7EC4B0262A79A31300E007FC /* Frameworks */ = {
			isa = PBXFrameworksBuildPhase;
			buildActionMask = 2147483647;
			files = (
			);
			runOnlyForDeploymentPostprocessing = 0;
		};
/* End PBXFrameworksBuildPhase section */

/* Begin PBXGroup section */
		7E464FEC2A79F7F00055B6F1 /* Views */ = {
			isa = PBXGroup;
			children = (
				7EC4B0142A79A31100E007FC /* ContentView.swift */,
				7E464FEE2A79FB1C0055B6F1 /* AddNewHabitView.swift */,
			);
			name = Views;
			sourceTree = "<group>";
		};
		7E464FED2A79F8150055B6F1 /* Data */ = {
			isa = PBXGroup;
			children = (
				7E464FE02A79CBD70055B6F1 /* HabitsType.swift */,
				7E464FE62A79D23E0055B6F1 /* AddHabitType.swift */,
				7E464FE42A79CE820055B6F1 /* Priority.swift */,
				7E464FF02A79FD760055B6F1 /* ImagesName.swift */,
			);
			name = Data;
			sourceTree = "<group>";
		};
		7EC4B0062A79A31100E007FC = {
			isa = PBXGroup;
			children = (
				7EC4B0112A79A31100E007FC /* HabitTracker */,
				7EC4B0222A79A31300E007FC /* HabitTrackerTests */,
				7EC4B02C2A79A31300E007FC /* HabitTrackerUITests */,
				7EC4B0102A79A31100E007FC /* Products */,
			);
			sourceTree = "<group>";
		};
		7EC4B0102A79A31100E007FC /* Products */ = {
			isa = PBXGroup;
			children = (
				7EC4B00F2A79A31100E007FC /* HabitTracker.app */,
				7EC4B01F2A79A31300E007FC /* HabitTrackerTests.xctest */,
				7EC4B0292A79A31300E007FC /* HabitTrackerUITests.xctest */,
			);
			name = Products;
			sourceTree = "<group>";
		};
		7EC4B0112A79A31100E007FC /* HabitTracker */ = {
			isa = PBXGroup;
			children = (
				7EC4B0122A79A31100E007FC /* HabitTrackerApp.swift */,
				7E464FEC2A79F7F00055B6F1 /* Views */,
				7E464FED2A79F8150055B6F1 /* Data */,
				7EC4B0162A79A31300E007FC /* Assets.xcassets */,
				7EC4B0182A79A31300E007FC /* Preview Content */,
			);
			path = HabitTracker;
			sourceTree = "<group>";
		};
		7EC4B0182A79A31300E007FC /* Preview Content */ = {
			isa = PBXGroup;
			children = (
				7EC4B0192A79A31300E007FC /* Preview Assets.xcassets */,
			);
			path = "Preview Content";
			sourceTree = "<group>";
		};
		7EC4B0222A79A31300E007FC /* HabitTrackerTests */ = {
			isa = PBXGroup;
			children = (
				7EC4B0232A79A31300E007FC /* HabitTrackerTests.swift */,
			);
			path = HabitTrackerTests;
			sourceTree = "<group>";
		};
		7EC4B02C2A79A31300E007FC /* HabitTrackerUITests */ = {
			isa = PBXGroup;
			children = (
				7EC4B02D2A79A31300E007FC /* HabitTrackerUITests.swift */,
				7EC4B02F2A79A31300E007FC /* HabitTrackerUITestsLaunchTests.swift */,
			);
			path = HabitTrackerUITests;
			sourceTree = "<group>";
		};
/* End PBXGroup section */

/* Begin PBXNativeTarget section */
		7EC4B00E2A79A31100E007FC /* HabitTracker */ = {
			isa = PBXNativeTarget;
			buildConfigurationList = 7EC4B0332A79A31300E007FC /* Build configuration list for PBXNativeTarget "HabitTracker" */;
			buildPhases = (
				7EC4B00B2A79A31100E007FC /* Sources */,
				7EC4B00C2A79A31100E007FC /* Frameworks */,
				7EC4B00D2A79A31100E007FC /* Resources */,
			);
			buildRules = (
			);
			dependencies = (
			);
			name = HabitTracker;
			productName = HabitTracker;
			productReference = 7EC4B00F2A79A31100E007FC /* HabitTracker.app */;
			productType = "com.apple.product-type.application";
		};
		7EC4B01E2A79A31300E007FC /* HabitTrackerTests */ = {
			isa = PBXNativeTarget;
			buildConfigurationList = 7EC4B0362A79A31300E007FC /* Build configuration list for PBXNativeTarget "HabitTrackerTests" */;
			buildPhases = (
				7EC4B01B2A79A31300E007FC /* Sources */,
				7EC4B01C2A79A31300E007FC /* Frameworks */,
				7EC4B01D2A79A31300E007FC /* Resources */,
			);
			buildRules = (
			);
			dependencies = (
				7EC4B0212A79A31300E007FC /* PBXTargetDependency */,
			);
			name = HabitTrackerTests;
			productName = HabitTrackerTests;
			productReference = 7EC4B01F2A79A31300E007FC /* HabitTrackerTests.xctest */;
			productType = "com.apple.product-type.bundle.unit-test";
		};
		7EC4B0282A79A31300E007FC /* HabitTrackerUITests */ = {
			isa = PBXNativeTarget;
			buildConfigurationList = 7EC4B0392A79A31300E007FC /* Build configuration list for PBXNativeTarget "HabitTrackerUITests" */;
			buildPhases = (
				7EC4B0252A79A31300E007FC /* Sources */,
				7EC4B0262A79A31300E007FC /* Frameworks */,
				7EC4B0272A79A31300E007FC /* Resources */,
			);
			buildRules = (
			);
			dependencies = (
				7EC4B02B2A79A31300E007FC /* PBXTargetDependency */,
			);
			name = HabitTrackerUITests;
			productName = HabitTrackerUITests;
			productReference = 7EC4B0292A79A31300E007FC /* HabitTrackerUITests.xctest */;
			productType = "com.apple.product-type.bundle.ui-testing";
		};
/* End PBXNativeTarget section */

/* Begin PBXProject section */
		7EC4B0072A79A31100E007FC /* Project object */ = {
			isa = PBXProject;
			attributes = {
				BuildIndependentTargetsInParallel = 1;
				LastSwiftUpdateCheck = 1430;
				LastUpgradeCheck = 1430;
				TargetAttributes = {
					7EC4B00E2A79A31100E007FC = {
						CreatedOnToolsVersion = 14.3.1;
					};
					7EC4B01E2A79A31300E007FC = {
						CreatedOnToolsVersion = 14.3.1;
						TestTargetID = 7EC4B00E2A79A31100E007FC;
					};
					7EC4B0282A79A31300E007FC = {
						CreatedOnToolsVersion = 14.3.1;
						TestTargetID = 7EC4B00E2A79A31100E007FC;
					};
				};
			};
			buildConfigurationList = 7EC4B00A2A79A31100E007FC /* Build configuration list for PBXProject "HabitTracker" */;
			compatibilityVersion = "Xcode 14.0";
			developmentRegion = en;
			hasScannedForEncodings = 0;
			knownRegions = (
				en,
				Base,
			);
			mainGroup = 7EC4B0062A79A31100E007FC;
			productRefGroup = 7EC4B0102A79A31100E007FC /* Products */;
			projectDirPath = "";
			projectRoot = "";
			targets = (
				7EC4B00E2A79A31100E007FC /* HabitTracker */,
				7EC4B01E2A79A31300E007FC /* HabitTrackerTests */,
				7EC4B0282A79A31300E007FC /* HabitTrackerUITests */,
			);
		};
/* End PBXProject section */

/* Begin PBXResourcesBuildPhase section */
		7EC4B00D2A79A31100E007FC /* Resources */ = {
			isa = PBXResourcesBuildPhase;
			buildActionMask = 2147483647;
			files = (
				7EC4B01A2A79A31300E007FC /* Preview Assets.xcassets in Resources */,
				7EC4B0172A79A31300E007FC /* Assets.xcassets in Resources */,
			);
			runOnlyForDeploymentPostprocessing = 0;
		};
		7EC4B01D2A79A31300E007FC /* Resources */ = {
			isa = PBXResourcesBuildPhase;
			buildActionMask = 2147483647;
			files = (
			);
			runOnlyForDeploymentPostprocessing = 0;
		};
		7EC4B0272A79A31300E007FC /* Resources */ = {
			isa = PBXResourcesBuildPhase;
			buildActionMask = 2147483647;
			files = (
			);
			runOnlyForDeploymentPostprocessing = 0;
		};
/* End PBXResourcesBuildPhase section */

/* Begin PBXSourcesBuildPhase section */
		7EC4B00B2A79A31100E007FC /* Sources */ = {
			isa = PBXSourcesBuildPhase;
			buildActionMask = 2147483647;
			files = (
				7E464FF12A79FD760055B6F1 /* ImagesName.swift in Sources */,
				7EC4B0152A79A31100E007FC /* ContentView.swift in Sources */,
				7EC4B0132A79A31100E007FC /* HabitTrackerApp.swift in Sources */,
				7E464FE52A79CE820055B6F1 /* Priority.swift in Sources */,
				7E464FE12A79CBD70055B6F1 /* HabitsType.swift in Sources */,
				7E464FEF2A79FB1C0055B6F1 /* AddNewHabitView.swift in Sources */,
				7E464FE72A79D23E0055B6F1 /* AddHabitType.swift in Sources */,
			);
			runOnlyForDeploymentPostprocessing = 0;
		};
		7EC4B01B2A79A31300E007FC /* Sources */ = {
			isa = PBXSourcesBuildPhase;
			buildActionMask = 2147483647;
			files = (
				7EC4B0242A79A31300E007FC /* HabitTrackerTests.swift in Sources */,
			);
			runOnlyForDeploymentPostprocessing = 0;
		};
		7EC4B0252A79A31300E007FC /* Sources */ = {
			isa = PBXSourcesBuildPhase;
			buildActionMask = 2147483647;
			files = (
				7EC4B0302A79A31300E007FC /* HabitTrackerUITestsLaunchTests.swift in Sources */,
				7EC4B02E2A79A31300E007FC /* HabitTrackerUITests.swift in Sources */,
			);
			runOnlyForDeploymentPostprocessing = 0;
		};
/* End PBXSourcesBuildPhase section */

/* Begin PBXTargetDependency section */
		7EC4B0212A79A31300E007FC /* PBXTargetDependency */ = {
			isa = PBXTargetDependency;
			target = 7EC4B00E2A79A31100E007FC /* HabitTracker */;
			targetProxy = 7EC4B0202A79A31300E007FC /* PBXContainerItemProxy */;
		};
		7EC4B02B2A79A31300E007FC /* PBXTargetDependency */ = {
			isa = PBXTargetDependency;
			target = 7EC4B00E2A79A31100E007FC /* HabitTracker */;
			targetProxy = 7EC4B02A2A79A31300E007FC /* PBXContainerItemProxy */;
		};
/* End PBXTargetDependency section */

/* Begin XCBuildConfiguration section */
		7EC4B0312A79A31300E007FC /* Debug */ = {
			isa = XCBuildConfiguration;
			buildSettings = {
				ALWAYS_SEARCH_USER_PATHS = NO;
				CLANG_ANALYZER_NONNULL = YES;
				CLANG_ANALYZER_NUMBER_OBJECT_CONVERSION = YES_AGGRESSIVE;
				CLANG_CXX_LANGUAGE_STANDARD = "gnu++20";
				CLANG_ENABLE_MODULES = YES;
				CLANG_ENABLE_OBJC_ARC = YES;
				CLANG_ENABLE_OBJC_WEAK = YES;
				CLANG_WARN_BLOCK_CAPTURE_AUTORELEASING = YES;
				CLANG_WARN_BOOL_CONVERSION = YES;
				CLANG_WARN_COMMA = YES;
				CLANG_WARN_CONSTANT_CONVERSION = YES;
				CLANG_WARN_DEPRECATED_OBJC_IMPLEMENTATIONS = YES;
				CLANG_WARN_DIRECT_OBJC_ISA_USAGE = YES_ERROR;
				CLANG_WARN_DOCUMENTATION_COMMENTS = YES;
				CLANG_WARN_EMPTY_BODY = YES;
				CLANG_WARN_ENUM_CONVERSION = YES;
				CLANG_WARN_INFINITE_RECURSION = YES;
				CLANG_WARN_INT_CONVERSION = YES;
				CLANG_WARN_NON_LITERAL_NULL_CONVERSION = YES;
				CLANG_WARN_OBJC_IMPLICIT_RETAIN_SELF = YES;
				CLANG_WARN_OBJC_LITERAL_CONVERSION = YES;
				CLANG_WARN_OBJC_ROOT_CLASS = YES_ERROR;
				CLANG_WARN_QUOTED_INCLUDE_IN_FRAMEWORK_HEADER = YES;
				CLANG_WARN_RANGE_LOOP_ANALYSIS = YES;
				CLANG_WARN_STRICT_PROTOTYPES = YES;
				CLANG_WARN_SUSPICIOUS_MOVE = YES;
				CLANG_WARN_UNGUARDED_AVAILABILITY = YES_AGGRESSIVE;
				CLANG_WARN_UNREACHABLE_CODE = YES;
				CLANG_WARN__DUPLICATE_METHOD_MATCH = YES;
				COPY_PHASE_STRIP = NO;
				DEBUG_INFORMATION_FORMAT = dwarf;
				ENABLE_STRICT_OBJC_MSGSEND = YES;
				ENABLE_TESTABILITY = YES;
				GCC_C_LANGUAGE_STANDARD = gnu11;
				GCC_DYNAMIC_NO_PIC = NO;
				GCC_NO_COMMON_BLOCKS = YES;
				GCC_OPTIMIZATION_LEVEL = 0;
				GCC_PREPROCESSOR_DEFINITIONS = (
					"DEBUG=1",
					"$(inherited)",
				);
				GCC_WARN_64_TO_32_BIT_CONVERSION = YES;
				GCC_WARN_ABOUT_RETURN_TYPE = YES_ERROR;
				GCC_WARN_UNDECLARED_SELECTOR = YES;
				GCC_WARN_UNINITIALIZED_AUTOS = YES_AGGRESSIVE;
				GCC_WARN_UNUSED_FUNCTION = YES;
				GCC_WARN_UNUSED_VARIABLE = YES;
				IPHONEOS_DEPLOYMENT_TARGET = 16.4;
				MTL_ENABLE_DEBUG_INFO = INCLUDE_SOURCE;
				MTL_FAST_MATH = YES;
				ONLY_ACTIVE_ARCH = YES;
				SDKROOT = iphoneos;
				SWIFT_ACTIVE_COMPILATION_CONDITIONS = DEBUG;
				SWIFT_OPTIMIZATION_LEVEL = "-Onone";
			};
			name = Debug;
		};
		7EC4B0322A79A31300E007FC /* Release */ = {
			isa = XCBuildConfiguration;
			buildSettings = {
				ALWAYS_SEARCH_USER_PATHS = NO;
				CLANG_ANALYZER_NONNULL = YES;
				CLANG_ANALYZER_NUMBER_OBJECT_CONVERSION = YES_AGGRESSIVE;
				CLANG_CXX_LANGUAGE_STANDARD = "gnu++20";
				CLANG_ENABLE_MODULES = YES;
				CLANG_ENABLE_OBJC_ARC = YES;
				CLANG_ENABLE_OBJC_WEAK = YES;
				CLANG_WARN_BLOCK_CAPTURE_AUTORELEASING = YES;
				CLANG_WARN_BOOL_CONVERSION = YES;
				CLANG_WARN_COMMA = YES;
				CLANG_WARN_CONSTANT_CONVERSION = YES;
				CLANG_WARN_DEPRECATED_OBJC_IMPLEMENTATIONS = YES;
				CLANG_WARN_DIRECT_OBJC_ISA_USAGE = YES_ERROR;
				CLANG_WARN_DOCUMENTATION_COMMENTS = YES;
				CLANG_WARN_EMPTY_BODY = YES;
				CLANG_WARN_ENUM_CONVERSION = YES;
				CLANG_WARN_INFINITE_RECURSION = YES;
				CLANG_WARN_INT_CONVERSION = YES;
				CLANG_WARN_NON_LITERAL_NULL_CONVERSION = YES;
				CLANG_WARN_OBJC_IMPLICIT_RETAIN_SELF = YES;
				CLANG_WARN_OBJC_LITERAL_CONVERSION = YES;
				CLANG_WARN_OBJC_ROOT_CLASS = YES_ERROR;
				CLANG_WARN_QUOTED_INCLUDE_IN_FRAMEWORK_HEADER = YES;
				CLANG_WARN_RANGE_LOOP_ANALYSIS = YES;
				CLANG_WARN_STRICT_PROTOTYPES = YES;
				CLANG_WARN_SUSPICIOUS_MOVE = YES;
				CLANG_WARN_UNGUARDED_AVAILABILITY = YES_AGGRESSIVE;
				CLANG_WARN_UNREACHABLE_CODE = YES;
				CLANG_WARN__DUPLICATE_METHOD_MATCH = YES;
				COPY_PHASE_STRIP = NO;
				DEBUG_INFORMATION_FORMAT = "dwarf-with-dsym";
				ENABLE_NS_ASSERTIONS = NO;
				ENABLE_STRICT_OBJC_MSGSEND = YES;
				GCC_C_LANGUAGE_STANDARD = gnu11;
				GCC_NO_COMMON_BLOCKS = YES;
				GCC_WARN_64_TO_32_BIT_CONVERSION = YES;
				GCC_WARN_ABOUT_RETURN_TYPE = YES_ERROR;
				GCC_WARN_UNDECLARED_SELECTOR = YES;
				GCC_WARN_UNINITIALIZED_AUTOS = YES_AGGRESSIVE;
				GCC_WARN_UNUSED_FUNCTION = YES;
				GCC_WARN_UNUSED_VARIABLE = YES;
				IPHONEOS_DEPLOYMENT_TARGET = 16.4;
				MTL_ENABLE_DEBUG_INFO = NO;
				MTL_FAST_MATH = YES;
				SDKROOT = iphoneos;
				SWIFT_COMPILATION_MODE = wholemodule;
				SWIFT_OPTIMIZATION_LEVEL = "-O";
				VALIDATE_PRODUCT = YES;
			};
			name = Release;
		};
		7EC4B0342A79A31300E007FC /* Debug */ = {
			isa = XCBuildConfiguration;
			buildSettings = {
				ASSETCATALOG_COMPILER_APPICON_NAME = AppIcon;
				ASSETCATALOG_COMPILER_GLOBAL_ACCENT_COLOR_NAME = AccentColor;
				CODE_SIGN_STYLE = Automatic;
				CURRENT_PROJECT_VERSION = 1;
				DEVELOPMENT_ASSET_PATHS = "\"HabitTracker/Preview Content\"";
				DEVELOPMENT_TEAM = 9798UJJCY4;
				ENABLE_PREVIEWS = YES;
				GENERATE_INFOPLIST_FILE = YES;
				INFOPLIST_KEY_UIApplicationSceneManifest_Generation = YES;
				INFOPLIST_KEY_UIApplicationSupportsIndirectInputEvents = YES;
				INFOPLIST_KEY_UILaunchScreen_Generation = YES;
				INFOPLIST_KEY_UISupportedInterfaceOrientations_iPad = "UIInterfaceOrientationPortrait UIInterfaceOrientationPortraitUpsideDown UIInterfaceOrientationLandscapeLeft UIInterfaceOrientationLandscapeRight";
				INFOPLIST_KEY_UISupportedInterfaceOrientations_iPhone = "UIInterfaceOrientationPortrait UIInterfaceOrientationLandscapeLeft UIInterfaceOrientationLandscapeRight";
				LD_RUNPATH_SEARCH_PATHS = (
					"$(inherited)",
					"@executable_path/Frameworks",
				);
				MARKETING_VERSION = 1.0;
				PRODUCT_BUNDLE_IDENTIFIER = Isaque.HabitTracker;
				PRODUCT_NAME = "$(TARGET_NAME)";
				SWIFT_EMIT_LOC_STRINGS = YES;
				SWIFT_VERSION = 5.0;
				TARGETED_DEVICE_FAMILY = "1,2";
			};
			name = Debug;
		};
		7EC4B0352A79A31300E007FC /* Release */ = {
			isa = XCBuildConfiguration;
			buildSettings = {
				ASSETCATALOG_COMPILER_APPICON_NAME = AppIcon;
				ASSETCATALOG_COMPILER_GLOBAL_ACCENT_COLOR_NAME = AccentColor;
				CODE_SIGN_STYLE = Automatic;
				CURRENT_PROJECT_VERSION = 1;
				DEVELOPMENT_ASSET_PATHS = "\"HabitTracker/Preview Content\"";
				DEVELOPMENT_TEAM = 9798UJJCY4;
				ENABLE_PREVIEWS = YES;
				GENERATE_INFOPLIST_FILE = YES;
				INFOPLIST_KEY_UIApplicationSceneManifest_Generation = YES;
				INFOPLIST_KEY_UIApplicationSupportsIndirectInputEvents = YES;
				INFOPLIST_KEY_UILaunchScreen_Generation = YES;
				INFOPLIST_KEY_UISupportedInterfaceOrientations_iPad = "UIInterfaceOrientationPortrait UIInterfaceOrientationPortraitUpsideDown UIInterfaceOrientationLandscapeLeft UIInterfaceOrientationLandscapeRight";
				INFOPLIST_KEY_UISupportedInterfaceOrientations_iPhone = "UIInterfaceOrientationPortrait UIInterfaceOrientationLandscapeLeft UIInterfaceOrientationLandscapeRight";
				LD_RUNPATH_SEARCH_PATHS = (
					"$(inherited)",
					"@executable_path/Frameworks",
				);
				MARKETING_VERSION = 1.0;
				PRODUCT_BUNDLE_IDENTIFIER = Isaque.HabitTracker;
				PRODUCT_NAME = "$(TARGET_NAME)";
				SWIFT_EMIT_LOC_STRINGS = YES;
				SWIFT_VERSION = 5.0;
				TARGETED_DEVICE_FAMILY = "1,2";
			};
			name = Release;
		};
		7EC4B0372A79A31300E007FC /* Debug */ = {
			isa = XCBuildConfiguration;
			buildSettings = {
				ALWAYS_EMBED_SWIFT_STANDARD_LIBRARIES = YES;
				BUNDLE_LOADER = "$(TEST_HOST)";
				CODE_SIGN_STYLE = Automatic;
				CURRENT_PROJECT_VERSION = 1;
				DEVELOPMENT_TEAM = 9798UJJCY4;
				GENERATE_INFOPLIST_FILE = YES;
				IPHONEOS_DEPLOYMENT_TARGET = 16.4;
				MARKETING_VERSION = 1.0;
				PRODUCT_BUNDLE_IDENTIFIER = Isaque.HabitTrackerTests;
				PRODUCT_NAME = "$(TARGET_NAME)";
				SWIFT_EMIT_LOC_STRINGS = NO;
				SWIFT_VERSION = 5.0;
				TARGETED_DEVICE_FAMILY = "1,2";
				TEST_HOST = "$(BUILT_PRODUCTS_DIR)/HabitTracker.app/$(BUNDLE_EXECUTABLE_FOLDER_PATH)/HabitTracker";
			};
			name = Debug;
		};
		7EC4B0382A79A31300E007FC /* Release */ = {
			isa = XCBuildConfiguration;
			buildSettings = {
				ALWAYS_EMBED_SWIFT_STANDARD_LIBRARIES = YES;
				BUNDLE_LOADER = "$(TEST_HOST)";
				CODE_SIGN_STYLE = Automatic;
				CURRENT_PROJECT_VERSION = 1;
				DEVELOPMENT_TEAM = 9798UJJCY4;
				GENERATE_INFOPLIST_FILE = YES;
				IPHONEOS_DEPLOYMENT_TARGET = 16.4;
				MARKETING_VERSION = 1.0;
				PRODUCT_BUNDLE_IDENTIFIER = Isaque.HabitTrackerTests;
				PRODUCT_NAME = "$(TARGET_NAME)";
				SWIFT_EMIT_LOC_STRINGS = NO;
				SWIFT_VERSION = 5.0;
				TARGETED_DEVICE_FAMILY = "1,2";
				TEST_HOST = "$(BUILT_PRODUCTS_DIR)/HabitTracker.app/$(BUNDLE_EXECUTABLE_FOLDER_PATH)/HabitTracker";
			};
			name = Release;
		};
		7EC4B03A2A79A31300E007FC /* Debug */ = {
			isa = XCBuildConfiguration;
			buildSettings = {
				ALWAYS_EMBED_SWIFT_STANDARD_LIBRARIES = YES;
				CODE_SIGN_STYLE = Automatic;
				CURRENT_PROJECT_VERSION = 1;
				DEVELOPMENT_TEAM = 9798UJJCY4;
				GENERATE_INFOPLIST_FILE = YES;
				MARKETING_VERSION = 1.0;
				PRODUCT_BUNDLE_IDENTIFIER = Isaque.HabitTrackerUITests;
				PRODUCT_NAME = "$(TARGET_NAME)";
				SWIFT_EMIT_LOC_STRINGS = NO;
				SWIFT_VERSION = 5.0;
				TARGETED_DEVICE_FAMILY = "1,2";
				TEST_TARGET_NAME = HabitTracker;
			};
			name = Debug;
		};
		7EC4B03B2A79A31300E007FC /* Release */ = {
			isa = XCBuildConfiguration;
			buildSettings = {
				ALWAYS_EMBED_SWIFT_STANDARD_LIBRARIES = YES;
				CODE_SIGN_STYLE = Automatic;
				CURRENT_PROJECT_VERSION = 1;
				DEVELOPMENT_TEAM = 9798UJJCY4;
				GENERATE_INFOPLIST_FILE = YES;
				MARKETING_VERSION = 1.0;
				PRODUCT_BUNDLE_IDENTIFIER = Isaque.HabitTrackerUITests;
				PRODUCT_NAME = "$(TARGET_NAME)";
				SWIFT_EMIT_LOC_STRINGS = NO;
				SWIFT_VERSION = 5.0;
				TARGETED_DEVICE_FAMILY = "1,2";
				TEST_TARGET_NAME = HabitTracker;
			};
			name = Release;
		};
/* End XCBuildConfiguration section */

/* Begin XCConfigurationList section */
		7EC4B00A2A79A31100E007FC /* Build configuration list for PBXProject "HabitTracker" */ = {
			isa = XCConfigurationList;
			buildConfigurations = (
				7EC4B0312A79A31300E007FC /* Debug */,
				7EC4B0322A79A31300E007FC /* Release */,
			);
			defaultConfigurationIsVisible = 0;
			defaultConfigurationName = Release;
		};
		7EC4B0332A79A31300E007FC /* Build configuration list for PBXNativeTarget "HabitTracker" */ = {
			isa = XCConfigurationList;
			buildConfigurations = (
				7EC4B0342A79A31300E007FC /* Debug */,
				7EC4B0352A79A31300E007FC /* Release */,
			);
			defaultConfigurationIsVisible = 0;
			defaultConfigurationName = Release;
		};
		7EC4B0362A79A31300E007FC /* Build configuration list for PBXNativeTarget "HabitTrackerTests" */ = {
			isa = XCConfigurationList;
			buildConfigurations = (
				7EC4B0372A79A31300E007FC /* Debug */,
				7EC4B0382A79A31300E007FC /* Release */,
			);
			defaultConfigurationIsVisible = 0;
			defaultConfigurationName = Release;
		};
		7EC4B0392A79A31300E007FC /* Build configuration list for PBXNativeTarget "HabitTrackerUITests" */ = {
			isa = XCConfigurationList;
			buildConfigurations = (
				7EC4B03A2A79A31300E007FC /* Debug */,
				7EC4B03B2A79A31300E007FC /* Release */,
			);
			defaultConfigurationIsVisible = 0;
			defaultConfigurationName = Release;
		};
/* End XCConfigurationList section */
	};
	rootObject = 7EC4B0072A79A31100E007FC /* Project object */;
}
